
Microsoft Visual Studio Solution File, Format Version 12.00
# Visual Studio Version 16
VisualStudioVersion = 16.0.32901.82
MinimumVisualStudioVersion = 10.0.40219.1
Project("{FAE04EC0-301F-11D3-BF4B-00C04F79EFBC}") = "MyTechnicalHomework4", "MyTechnicalHomework4\MyTechnicalHomework4.csproj", "{70BB2D4C-934A-4414-844C-A79636B53260}"
EndProject
Global
	GlobalSection(SolutionConfigurationPlatforms) = preSolution
		Debug|Any CPU = Debug|Any CPU
		Release|Any CPU = Release|Any CPU
	EndGlobalSection
	GlobalSection(ProjectConfigurationPlatforms) = postSolution
		{70BB2D4C-934A-4414-844C-A79636B53260}.Debug|Any CPU.ActiveCfg = Debug|Any CPU
		{70BB2D4C-934A-4414-844C-A79636B53260}.Debug|Any CPU.Build.0 = Debug|Any CPU
		{70BB2D4C-934A-4414-844C-A79636B53260}.Release|Any CPU.ActiveCfg = Release|Any CPU
		{70BB2D4C-934A-4414-844C-A79636B53260}.Release|Any CPU.Build.0 = Release|Any CPU
	EndGlobalSection
	GlobalSection(SolutionProperties) = preSolution
		HideSolutionNode = FALSE
	EndGlobalSection
	GlobalSection(ExtensibilityGlobals) = postSolution
		SolutionGuid = {6D19F992-D1DF-4902-99AF-0BDE89CE61AC}
	EndGlobalSection
EndGlobal
